
Microsoft Visual Studio Solution File, Format Version 12.00
# Visual Studio 15
VisualStudioVersion = 15.0.28307.572
MinimumVisualStudioVersion = 10.0.40219.1
Project("{9A19103F-16F7-4668-BE54-9A1E7A4F7556}") = "RecursionProblems", "RecursionProblems\RecursionProblems.csproj", "{271E9797-5F4D-4F97-8AF2-C64FB4095631}"
EndProject
Project("{9A19103F-16F7-4668-BE54-9A1E7A4F7556}") = "SearchAndSortProblems", "SearchAndSortProblems\SearchAndSortProblems.csproj", "{6E901554-7524-4783-88AA-2BC925319056}"
EndProject
Project("{FAE04EC0-301F-11D3-BF4B-00C04F79EFBC}") = "CombinatorialProblems", "CombinatorialProblems\CombinatorialProblems.csproj", "{5DB80713-F3B5-42A3-9817-DF0B32079B18}"
EndProject
Global
	GlobalSection(SolutionConfigurationPlatforms) = preSolution
		Debug|Any CPU = Debug|Any CPU
		Release|Any CPU = Release|Any CPU
	EndGlobalSection
	GlobalSection(ProjectConfigurationPlatforms) = postSolution
		{271E9797-5F4D-4F97-8AF2-C64FB4095631}.Debug|Any CPU.ActiveCfg = Debug|Any CPU
		{271E9797-5F4D-4F97-8AF2-C64FB4095631}.Debug|Any CPU.Build.0 = Debug|Any CPU
		{271E9797-5F4D-4F97-8AF2-C64FB4095631}.Release|Any CPU.ActiveCfg = Release|Any CPU
		{271E9797-5F4D-4F97-8AF2-C64FB4095631}.Release|Any CPU.Build.0 = Release|Any CPU
		{6E901554-7524-4783-88AA-2BC925319056}.Debug|Any CPU.ActiveCfg = Debug|Any CPU
		{6E901554-7524-4783-88AA-2BC925319056}.Debug|Any CPU.Build.0 = Debug|Any CPU
		{6E901554-7524-4783-88AA-2BC925319056}.Release|Any CPU.ActiveCfg = Release|Any CPU
		{6E901554-7524-4783-88AA-2BC925319056}.Release|Any CPU.Build.0 = Release|Any CPU
		{5DB80713-F3B5-42A3-9817-DF0B32079B18}.Debug|Any CPU.ActiveCfg = Debug|Any CPU
		{5DB80713-F3B5-42A3-9817-DF0B32079B18}.Debug|Any CPU.Build.0 = Debug|Any CPU
		{5DB80713-F3B5-42A3-9817-DF0B32079B18}.Release|Any CPU.ActiveCfg = Release|Any CPU
		{5DB80713-F3B5-42A3-9817-DF0B32079B18}.Release|Any CPU.Build.0 = Release|Any CPU
	EndGlobalSection
	GlobalSection(SolutionProperties) = preSolution
		HideSolutionNode = FALSE
	EndGlobalSection
	GlobalSection(ExtensibilityGlobals) = postSolution
		SolutionGuid = {881D111F-B8F5-47AA-8A7C-20585B39C1CD}
	EndGlobalSection
EndGlobal
