
Microsoft Visual Studio Solution File, Format Version 12.00
# Visual Studio 15
VisualStudioVersion = 15.0.28010.2036
MinimumVisualStudioVersion = 10.0.40219.1
Project("{9A19103F-16F7-4668-BE54-9A1E7A4F7556}") = "SIS.HTTP", "SIS.HTTP\SIS.HTTP.csproj", "{FF7D2EA9-09E1-4F65-AD0D-5BFF3562082C}"
EndProject
Project("{9A19103F-16F7-4668-BE54-9A1E7A4F7556}") = "SIS.WebServer", "SIS.WebServer\SIS.WebServer.csproj", "{BA8F6B11-30C1-491D-8CF6-FD65651543EF}"
EndProject
Project("{9A19103F-16F7-4668-BE54-9A1E7A4F7556}") = "SIS.Demo", "SIS.Demo\SIS.Demo.csproj", "{86C0B956-B379-40AC-91D8-306B29E75836}"
EndProject
Project("{9A19103F-16F7-4668-BE54-9A1E7A4F7556}") = "IRunesAplication", "IRunesAplication\IRunesAplication.csproj", "{39B3A98E-0AE7-436E-A110-C0BF07316DB1}"
EndProject
Project("{2150E333-8FDC-42A3-9474-1A3956D46DE8}") = "IRunes", "IRunes", "{09BEB374-D033-4598-9B86-F79349C2ED0F}"
EndProject
Project("{9A19103F-16F7-4668-BE54-9A1E7A4F7556}") = "IRunes.Domain", "IRunes.Domain\IRunes.Domain.csproj", "{2F4440EC-EAC4-4C76-A7BB-47BDC8BEA441}"
EndProject
Project("{9A19103F-16F7-4668-BE54-9A1E7A4F7556}") = "IRunes.Data", "IRunes.Data\IRunes.Data.csproj", "{D2DF6BA7-36C3-4A91-AA7F-973F742B89CD}"
EndProject
Project("{9A19103F-16F7-4668-BE54-9A1E7A4F7556}") = "IRunes.Services", "IRunes.Services\IRunes.Services.csproj", "{CFCFABC2-C914-49DE-BD53-897F5A81BE02}"
EndProject
Global
	GlobalSection(SolutionConfigurationPlatforms) = preSolution
		Debug|Any CPU = Debug|Any CPU
		Release|Any CPU = Release|Any CPU
	EndGlobalSection
	GlobalSection(ProjectConfigurationPlatforms) = postSolution
		{FF7D2EA9-09E1-4F65-AD0D-5BFF3562082C}.Debug|Any CPU.ActiveCfg = Debug|Any CPU
		{FF7D2EA9-09E1-4F65-AD0D-5BFF3562082C}.Debug|Any CPU.Build.0 = Debug|Any CPU
		{FF7D2EA9-09E1-4F65-AD0D-5BFF3562082C}.Release|Any CPU.ActiveCfg = Release|Any CPU
		{FF7D2EA9-09E1-4F65-AD0D-5BFF3562082C}.Release|Any CPU.Build.0 = Release|Any CPU
		{BA8F6B11-30C1-491D-8CF6-FD65651543EF}.Debug|Any CPU.ActiveCfg = Debug|Any CPU
		{BA8F6B11-30C1-491D-8CF6-FD65651543EF}.Debug|Any CPU.Build.0 = Debug|Any CPU
		{BA8F6B11-30C1-491D-8CF6-FD65651543EF}.Release|Any CPU.ActiveCfg = Release|Any CPU
		{BA8F6B11-30C1-491D-8CF6-FD65651543EF}.Release|Any CPU.Build.0 = Release|Any CPU
		{86C0B956-B379-40AC-91D8-306B29E75836}.Debug|Any CPU.ActiveCfg = Debug|Any CPU
		{86C0B956-B379-40AC-91D8-306B29E75836}.Debug|Any CPU.Build.0 = Debug|Any CPU
		{86C0B956-B379-40AC-91D8-306B29E75836}.Release|Any CPU.ActiveCfg = Release|Any CPU
		{86C0B956-B379-40AC-91D8-306B29E75836}.Release|Any CPU.Build.0 = Release|Any CPU
		{39B3A98E-0AE7-436E-A110-C0BF07316DB1}.Debug|Any CPU.ActiveCfg = Debug|Any CPU
		{39B3A98E-0AE7-436E-A110-C0BF07316DB1}.Debug|Any CPU.Build.0 = Debug|Any CPU
		{39B3A98E-0AE7-436E-A110-C0BF07316DB1}.Release|Any CPU.ActiveCfg = Release|Any CPU
		{39B3A98E-0AE7-436E-A110-C0BF07316DB1}.Release|Any CPU.Build.0 = Release|Any CPU
		{2F4440EC-EAC4-4C76-A7BB-47BDC8BEA441}.Debug|Any CPU.ActiveCfg = Debug|Any CPU
		{2F4440EC-EAC4-4C76-A7BB-47BDC8BEA441}.Debug|Any CPU.Build.0 = Debug|Any CPU
		{2F4440EC-EAC4-4C76-A7BB-47BDC8BEA441}.Release|Any CPU.ActiveCfg = Release|Any CPU
		{2F4440EC-EAC4-4C76-A7BB-47BDC8BEA441}.Release|Any CPU.Build.0 = Release|Any CPU
		{D2DF6BA7-36C3-4A91-AA7F-973F742B89CD}.Debug|Any CPU.ActiveCfg = Debug|Any CPU
		{D2DF6BA7-36C3-4A91-AA7F-973F742B89CD}.Debug|Any CPU.Build.0 = Debug|Any CPU
		{D2DF6BA7-36C3-4A91-AA7F-973F742B89CD}.Release|Any CPU.ActiveCfg = Release|Any CPU
		{D2DF6BA7-36C3-4A91-AA7F-973F742B89CD}.Release|Any CPU.Build.0 = Release|Any CPU
		{CFCFABC2-C914-49DE-BD53-897F5A81BE02}.Debug|Any CPU.ActiveCfg = Debug|Any CPU
		{CFCFABC2-C914-49DE-BD53-897F5A81BE02}.Debug|Any CPU.Build.0 = Debug|Any CPU
		{CFCFABC2-C914-49DE-BD53-897F5A81BE02}.Release|Any CPU.ActiveCfg = Release|Any CPU
		{CFCFABC2-C914-49DE-BD53-897F5A81BE02}.Release|Any CPU.Build.0 = Release|Any CPU
	EndGlobalSection
	GlobalSection(SolutionProperties) = preSolution
		HideSolutionNode = FALSE
	EndGlobalSection
	GlobalSection(NestedProjects) = preSolution
		{39B3A98E-0AE7-436E-A110-C0BF07316DB1} = {09BEB374-D033-4598-9B86-F79349C2ED0F}
		{2F4440EC-EAC4-4C76-A7BB-47BDC8BEA441} = {09BEB374-D033-4598-9B86-F79349C2ED0F}
		{D2DF6BA7-36C3-4A91-AA7F-973F742B89CD} = {09BEB374-D033-4598-9B86-F79349C2ED0F}
		{CFCFABC2-C914-49DE-BD53-897F5A81BE02} = {09BEB374-D033-4598-9B86-F79349C2ED0F}
	EndGlobalSection
	GlobalSection(ExtensibilityGlobals) = postSolution
		SolutionGuid = {A0041E0F-A976-4980-8095-7CD1472B0C80}
	EndGlobalSection
EndGlobal
