
Microsoft Visual Studio Solution File, Format Version 12.00
# Visual Studio 15
VisualStudioVersion = 15.0.28307.572
MinimumVisualStudioVersion = 10.0.40219.1
Project("{FAE04EC0-301F-11D3-BF4B-00C04F79EFBC}") = "AlgoAndDsProject", "AlgoAndDsProject\AlgoAndDsProject.csproj", "{2BB7AEED-AE47-48A8-BEB6-1243347B4C36}"
EndProject
Project("{9A19103F-16F7-4668-BE54-9A1E7A4F7556}") = "Algorithms", "..\..\C-Sharp-Algorithms\Algorithms\Algorithms.csproj", "{025412C1-1FCC-40D1-9392-63D1797C0259}"
EndProject
Project("{9A19103F-16F7-4668-BE54-9A1E7A4F7556}") = "DataStructures", "..\..\C-Sharp-Algorithms\DataStructures\DataStructures.csproj", "{2190146B-CFC8-4E66-8E3B-6656A7215C63}"
EndProject
Global
	GlobalSection(SolutionConfigurationPlatforms) = preSolution
		Debug|Any CPU = Debug|Any CPU
		Release|Any CPU = Release|Any CPU
	EndGlobalSection
	GlobalSection(ProjectConfigurationPlatforms) = postSolution
		{2BB7AEED-AE47-48A8-BEB6-1243347B4C36}.Debug|Any CPU.ActiveCfg = Debug|Any CPU
		{2BB7AEED-AE47-48A8-BEB6-1243347B4C36}.Debug|Any CPU.Build.0 = Debug|Any CPU
		{2BB7AEED-AE47-48A8-BEB6-1243347B4C36}.Release|Any CPU.ActiveCfg = Release|Any CPU
		{2BB7AEED-AE47-48A8-BEB6-1243347B4C36}.Release|Any CPU.Build.0 = Release|Any CPU
		{025412C1-1FCC-40D1-9392-63D1797C0259}.Debug|Any CPU.ActiveCfg = Debug|Any CPU
		{025412C1-1FCC-40D1-9392-63D1797C0259}.Debug|Any CPU.Build.0 = Debug|Any CPU
		{025412C1-1FCC-40D1-9392-63D1797C0259}.Release|Any CPU.ActiveCfg = Release|Any CPU
		{025412C1-1FCC-40D1-9392-63D1797C0259}.Release|Any CPU.Build.0 = Release|Any CPU
		{2190146B-CFC8-4E66-8E3B-6656A7215C63}.Debug|Any CPU.ActiveCfg = Debug|Any CPU
		{2190146B-CFC8-4E66-8E3B-6656A7215C63}.Debug|Any CPU.Build.0 = Debug|Any CPU
		{2190146B-CFC8-4E66-8E3B-6656A7215C63}.Release|Any CPU.ActiveCfg = Release|Any CPU
		{2190146B-CFC8-4E66-8E3B-6656A7215C63}.Release|Any CPU.Build.0 = Release|Any CPU
	EndGlobalSection
	GlobalSection(SolutionProperties) = preSolution
		HideSolutionNode = FALSE
	EndGlobalSection
	GlobalSection(ExtensibilityGlobals) = postSolution
		SolutionGuid = {6331144B-638F-43D9-86F3-AB2944C19CC2}
	EndGlobalSection
EndGlobal
